
Microsoft Visual Studio Solution File, Format Version 12.00
# Visual Studio Version 16
VisualStudioVersion = 16.0.31205.134
MinimumVisualStudioVersion = 10.0.40219.1
Project("{9A19103F-16F7-4668-BE54-9A1E7A4F7556}") = "Teknossy.Experience.UI", "Teknossy.Experience.UI\Teknossy.Experience.UI.csproj", "{D7ED0028-F978-4D0C-9786-4B4A7B7475CB}"
EndProject
Project("{9A19103F-16F7-4668-BE54-9A1E7A4F7556}") = "Teknossy.Experience.DAL", "Teknossy.Experience.DAL\Teknossy.Experience.DAL.csproj", "{2346B6E1-42FF-4606-81CD-8A2E36F545A6}"
EndProject
Project("{9A19103F-16F7-4668-BE54-9A1E7A4F7556}") = "Teknossy.Experience.BLL", "Teknossy.Experience.BLL\Teknossy.Experience.BLL.csproj", "{16E9EB53-5719-4B0B-A8FE-DA00579911A0}"
EndProject
Project("{9A19103F-16F7-4668-BE54-9A1E7A4F7556}") = "Teknossy.Experience.Entity", "Teknossy.Experience.Entity\Teknossy.Experience.Entity.csproj", "{71E5CB23-65AA-403F-B340-13D7CCDC94BC}"
EndProject
Project("{9A19103F-16F7-4668-BE54-9A1E7A4F7556}") = "Teknossy.Experience.DTO", "Teknossy.Experience.DTO\Teknossy.Experience.DTO.csproj", "{4B727BFA-A6FB-4B1E-BC69-5B1D012E70B7}"
EndProject
Project("{FAE04EC0-301F-11D3-BF4B-00C04F79EFBC}") = "Teknossy", "Teknossy\Teknossy.csproj", "{00B724D5-6AFB-46DE-8E22-3710058A614F}"
EndProject
Global
	GlobalSection(SolutionConfigurationPlatforms) = preSolution
		Debug|Any CPU = Debug|Any CPU
		Release|Any CPU = Release|Any CPU
	EndGlobalSection
	GlobalSection(ProjectConfigurationPlatforms) = postSolution
		{D7ED0028-F978-4D0C-9786-4B4A7B7475CB}.Debug|Any CPU.ActiveCfg = Debug|Any CPU
		{D7ED0028-F978-4D0C-9786-4B4A7B7475CB}.Debug|Any CPU.Build.0 = Debug|Any CPU
		{D7ED0028-F978-4D0C-9786-4B4A7B7475CB}.Release|Any CPU.ActiveCfg = Release|Any CPU
		{D7ED0028-F978-4D0C-9786-4B4A7B7475CB}.Release|Any CPU.Build.0 = Release|Any CPU
		{2346B6E1-42FF-4606-81CD-8A2E36F545A6}.Debug|Any CPU.ActiveCfg = Debug|Any CPU
		{2346B6E1-42FF-4606-81CD-8A2E36F545A6}.Debug|Any CPU.Build.0 = Debug|Any CPU
		{2346B6E1-42FF-4606-81CD-8A2E36F545A6}.Release|Any CPU.ActiveCfg = Release|Any CPU
		{2346B6E1-42FF-4606-81CD-8A2E36F545A6}.Release|Any CPU.Build.0 = Release|Any CPU
		{16E9EB53-5719-4B0B-A8FE-DA00579911A0}.Debug|Any CPU.ActiveCfg = Debug|Any CPU
		{16E9EB53-5719-4B0B-A8FE-DA00579911A0}.Debug|Any CPU.Build.0 = Debug|Any CPU
		{16E9EB53-5719-4B0B-A8FE-DA00579911A0}.Release|Any CPU.ActiveCfg = Release|Any CPU
		{16E9EB53-5719-4B0B-A8FE-DA00579911A0}.Release|Any CPU.Build.0 = Release|Any CPU
		{71E5CB23-65AA-403F-B340-13D7CCDC94BC}.Debug|Any CPU.ActiveCfg = Debug|Any CPU
		{71E5CB23-65AA-403F-B340-13D7CCDC94BC}.Debug|Any CPU.Build.0 = Debug|Any CPU
		{71E5CB23-65AA-403F-B340-13D7CCDC94BC}.Release|Any CPU.ActiveCfg = Release|Any CPU
		{71E5CB23-65AA-403F-B340-13D7CCDC94BC}.Release|Any CPU.Build.0 = Release|Any CPU
		{4B727BFA-A6FB-4B1E-BC69-5B1D012E70B7}.Debug|Any CPU.ActiveCfg = Debug|Any CPU
		{4B727BFA-A6FB-4B1E-BC69-5B1D012E70B7}.Debug|Any CPU.Build.0 = Debug|Any CPU
		{4B727BFA-A6FB-4B1E-BC69-5B1D012E70B7}.Release|Any CPU.ActiveCfg = Release|Any CPU
		{4B727BFA-A6FB-4B1E-BC69-5B1D012E70B7}.Release|Any CPU.Build.0 = Release|Any CPU
		{00B724D5-6AFB-46DE-8E22-3710058A614F}.Debug|Any CPU.ActiveCfg = Debug|Any CPU
		{00B724D5-6AFB-46DE-8E22-3710058A614F}.Debug|Any CPU.Build.0 = Debug|Any CPU
		{00B724D5-6AFB-46DE-8E22-3710058A614F}.Release|Any CPU.ActiveCfg = Release|Any CPU
		{00B724D5-6AFB-46DE-8E22-3710058A614F}.Release|Any CPU.Build.0 = Release|Any CPU
	EndGlobalSection
	GlobalSection(SolutionProperties) = preSolution
		HideSolutionNode = FALSE
	EndGlobalSection
	GlobalSection(ExtensibilityGlobals) = postSolution
		SolutionGuid = {677975CD-333D-454C-9181-8E9272A0F1EB}
	EndGlobalSection
EndGlobal
